
Microsoft Visual Studio Solution File, Format Version 12.00
# Visual Studio Version 17
VisualStudioVersion = 17.13.35825.156
MinimumVisualStudioVersion = 10.0.40219.1
Project("{FAE04EC0-301F-11D3-BF4B-00C04F79EFBC}") = "LoggerService", "LoggerService\LoggerService.csproj", "{D771C720-AEF1-4D80-826D-8260C71BE338}"
EndProject
Project("{FAE04EC0-301F-11D3-BF4B-00C04F79EFBC}") = "Contracts", "..\Contracts\Contracts\Contracts.csproj", "{DFE9835D-BFDE-0D0C-75EF-CA5F0CBE0DAD}"
EndProject
Global
	GlobalSection(SolutionConfigurationPlatforms) = preSolution
		Debug|Any CPU = Debug|Any CPU
		Release|Any CPU = Release|Any CPU
	EndGlobalSection
	GlobalSection(ProjectConfigurationPlatforms) = postSolution
		{D771C720-AEF1-4D80-826D-8260C71BE338}.Debug|Any CPU.ActiveCfg = Debug|Any CPU
		{D771C720-AEF1-4D80-826D-8260C71BE338}.Debug|Any CPU.Build.0 = Debug|Any CPU
		{D771C720-AEF1-4D80-826D-8260C71BE338}.Release|Any CPU.ActiveCfg = Release|Any CPU
		{D771C720-AEF1-4D80-826D-8260C71BE338}.Release|Any CPU.Build.0 = Release|Any CPU
		{DFE9835D-BFDE-0D0C-75EF-CA5F0CBE0DAD}.Debug|Any CPU.ActiveCfg = Debug|Any CPU
		{DFE9835D-BFDE-0D0C-75EF-CA5F0CBE0DAD}.Debug|Any CPU.Build.0 = Debug|Any CPU
		{DFE9835D-BFDE-0D0C-75EF-CA5F0CBE0DAD}.Release|Any CPU.ActiveCfg = Release|Any CPU
		{DFE9835D-BFDE-0D0C-75EF-CA5F0CBE0DAD}.Release|Any CPU.Build.0 = Release|Any CPU
	EndGlobalSection
	GlobalSection(SolutionProperties) = preSolution
		HideSolutionNode = FALSE
	EndGlobalSection
	GlobalSection(ExtensibilityGlobals) = postSolution
		SolutionGuid = {3CFE697E-8CF4-4E74-9AE2-2AD27A6A311C}
	EndGlobalSection
EndGlobal
