
Microsoft Visual Studio Solution File, Format Version 12.00
# Visual Studio Version 17
VisualStudioVersion = 17.13.35825.156
MinimumVisualStudioVersion = 10.0.40219.1
Project("{FAE04EC0-301F-11D3-BF4B-00C04F79EFBC}") = "CompanyEmployees", "Core\CompanyEmployees.csproj", "{6889529C-B120-49D3-AA33-407D71A24887}"
EndProject
Project("{FAE04EC0-301F-11D3-BF4B-00C04F79EFBC}") = "LoggerService", "LoggerService\LoggerService\LoggerService.csproj", "{0B0EA34D-48E2-7E78-964C-71A1FE4B6527}"
EndProject
Project("{FAE04EC0-301F-11D3-BF4B-00C04F79EFBC}") = "Contracts", "Contracts\Contracts\Contracts.csproj", "{67706C9A-45CC-5198-CBFB-71422F1E020F}"
EndProject
Project("{FAE04EC0-301F-11D3-BF4B-00C04F79EFBC}") = "Entities", "Models\Entities.csproj", "{9FC39BFE-A098-487B-B9AB-15D6EF45B6E2}"
EndProject
Global
	GlobalSection(SolutionConfigurationPlatforms) = preSolution
		Debug|Any CPU = Debug|Any CPU
		Release|Any CPU = Release|Any CPU
	EndGlobalSection
	GlobalSection(ProjectConfigurationPlatforms) = postSolution
		{6889529C-B120-49D3-AA33-407D71A24887}.Debug|Any CPU.ActiveCfg = Debug|Any CPU
		{6889529C-B120-49D3-AA33-407D71A24887}.Debug|Any CPU.Build.0 = Debug|Any CPU
		{6889529C-B120-49D3-AA33-407D71A24887}.Release|Any CPU.ActiveCfg = Release|Any CPU
		{6889529C-B120-49D3-AA33-407D71A24887}.Release|Any CPU.Build.0 = Release|Any CPU
		{0B0EA34D-48E2-7E78-964C-71A1FE4B6527}.Debug|Any CPU.ActiveCfg = Debug|Any CPU
		{0B0EA34D-48E2-7E78-964C-71A1FE4B6527}.Debug|Any CPU.Build.0 = Debug|Any CPU
		{0B0EA34D-48E2-7E78-964C-71A1FE4B6527}.Release|Any CPU.ActiveCfg = Release|Any CPU
		{0B0EA34D-48E2-7E78-964C-71A1FE4B6527}.Release|Any CPU.Build.0 = Release|Any CPU
		{67706C9A-45CC-5198-CBFB-71422F1E020F}.Debug|Any CPU.ActiveCfg = Debug|Any CPU
		{67706C9A-45CC-5198-CBFB-71422F1E020F}.Debug|Any CPU.Build.0 = Debug|Any CPU
		{67706C9A-45CC-5198-CBFB-71422F1E020F}.Release|Any CPU.ActiveCfg = Release|Any CPU
		{67706C9A-45CC-5198-CBFB-71422F1E020F}.Release|Any CPU.Build.0 = Release|Any CPU
		{9FC39BFE-A098-487B-B9AB-15D6EF45B6E2}.Debug|Any CPU.ActiveCfg = Debug|Any CPU
		{9FC39BFE-A098-487B-B9AB-15D6EF45B6E2}.Debug|Any CPU.Build.0 = Debug|Any CPU
		{9FC39BFE-A098-487B-B9AB-15D6EF45B6E2}.Release|Any CPU.ActiveCfg = Release|Any CPU
		{9FC39BFE-A098-487B-B9AB-15D6EF45B6E2}.Release|Any CPU.Build.0 = Release|Any CPU
	EndGlobalSection
	GlobalSection(SolutionProperties) = preSolution
		HideSolutionNode = FALSE
	EndGlobalSection
	GlobalSection(ExtensibilityGlobals) = postSolution
		SolutionGuid = {0EC22CB1-9755-4BA7-AC49-E27316BC6DBD}
	EndGlobalSection
EndGlobal
